
Microsoft Visual Studio Solution File, Format Version 12.00
# Visual Studio Version 17
VisualStudioVersion = 17.5.33424.131
MinimumVisualStudioVersion = 10.0.40219.1
Project("{FAE04EC0-301F-11D3-BF4B-00C04F79EFBC}") = "Instruments", "Instruments\Instruments.csproj", "{EF399ACA-5F0E-43E0-8EA4-0B48EEEF5964}"
EndProject
Global
	GlobalSection(SolutionConfigurationPlatforms) = preSolution
		Debug|Any CPU = Debug|Any CPU
		Release|Any CPU = Release|Any CPU
	EndGlobalSection
	GlobalSection(ProjectConfigurationPlatforms) = postSolution
		{EF399ACA-5F0E-43E0-8EA4-0B48EEEF5964}.Debug|Any CPU.ActiveCfg = Debug|Any CPU
		{EF399ACA-5F0E-43E0-8EA4-0B48EEEF5964}.Debug|Any CPU.Build.0 = Debug|Any CPU
		{EF399ACA-5F0E-43E0-8EA4-0B48EEEF5964}.Release|Any CPU.ActiveCfg = Release|Any CPU
		{EF399ACA-5F0E-43E0-8EA4-0B48EEEF5964}.Release|Any CPU.Build.0 = Release|Any CPU
	EndGlobalSection
	GlobalSection(SolutionProperties) = preSolution
		HideSolutionNode = FALSE
	EndGlobalSection
	GlobalSection(ExtensibilityGlobals) = postSolution
		SolutionGuid = {3B609D71-E5A5-4C00-BD5D-AC9C8F466E82}
	EndGlobalSection
EndGlobal
